
Microsoft Visual Studio Solution File, Format Version 12.00
# Visual Studio Version 17
VisualStudioVersion = 17.11.35222.181
MinimumVisualStudioVersion = 10.0.40219.1
Project("{9A19103F-16F7-4668-BE54-9A1E7A4F7556}") = "SimpleMenu", "SImpleMenu\SimpleMenu.csproj", "{A9AC8876-1644-4919-B241-2854D84E0206}"
EndProject
Global
	GlobalSection(SolutionConfigurationPlatforms) = preSolution
		Debug|Any CPU = Debug|Any CPU
		Release|Any CPU = Release|Any CPU
	EndGlobalSection
	GlobalSection(ProjectConfigurationPlatforms) = postSolution
		{A9AC8876-1644-4919-B241-2854D84E0206}.Debug|Any CPU.ActiveCfg = Debug|Any CPU
		{A9AC8876-1644-4919-B241-2854D84E0206}.Debug|Any CPU.Build.0 = Debug|Any CPU
		{A9AC8876-1644-4919-B241-2854D84E0206}.Release|Any CPU.ActiveCfg = Release|Any CPU
		{A9AC8876-1644-4919-B241-2854D84E0206}.Release|Any CPU.Build.0 = Release|Any CPU
	EndGlobalSection
	GlobalSection(SolutionProperties) = preSolution
		HideSolutionNode = FALSE
	EndGlobalSection
	GlobalSection(ExtensibilityGlobals) = postSolution
		SolutionGuid = {147B8E6B-F1E5-4ED5-8083-24AE094F872B}
	EndGlobalSection
EndGlobal
